// !$*UTF8*$!
{
	archiveVersion = 1;
	classes = {
	};
	objectVersion = 46;
	objects = {

/* Begin PBXBuildFile section */
		179E65271C577BB3003ADD60 /* AppDelegate.swift in Sources */ = {isa = PBXBuildFile; fileRef = 179E65261C577BB3003ADD60 /* AppDelegate.swift */; };
		179E65291C577BB3003ADD60 /* ViewController.swift in Sources */ = {isa = PBXBuildFile; fileRef = 179E65281C577BB3003ADD60 /* ViewController.swift */; };
		179E652C1C577BB3003ADD60 /* Main.storyboard in Resources */ = {isa = PBXBuildFile; fileRef = 179E652A1C577BB3003ADD60 /* Main.storyboard */; };
		179E652E1C577BB3003ADD60 /* Assets.xcassets in Resources */ = {isa = PBXBuildFile; fileRef = 179E652D1C577BB3003ADD60 /* Assets.xcassets */; };
		179E65311C577BB3003ADD60 /* LaunchScreen.storyboard in Resources */ = {isa = PBXBuildFile; fileRef = 179E652F1C577BB3003ADD60 /* LaunchScreen.storyboard */; };
/* End PBXBuildFile section */

/* Begin PBXFileReference section */
		179E65231C577BB3003ADD60 /* xibPractice.app */ = {isa = PBXFileReference; explicitFileType = wrapper.application; includeInIndex = 0; path = xibPractice.app; sourceTree = BUILT_PRODUCTS_DIR; };
		179E65261C577BB3003ADD60 /* AppDelegate.swift */ = {isa = PBXFileReference; lastKnownFileType = sourcecode.swift; path = AppDelegate.swift; sourceTree = "<group>"; };
		179E65281C577BB3003ADD60 /* ViewController.swift */ = {isa = PBXFileReference; lastKnownFileType = sourcecode.swift; path = ViewController.swift; sourceTree = "<group>"; };
		179E652B1C577BB3003ADD60 /* Base */ = {isa = PBXFileReference; lastKnownFileType = file.storyboard; name = Base; path = Base.lproj/Main.storyboard; sourceTree = "<group>"; };
		179E652D1C577BB3003ADD60 /* Assets.xcassets */ = {isa = PBXFileReference; lastKnownFileType = folder.assetcatalog; path = Assets.xcassets; sourceTree = "<group>"; };
		179E65301C577BB3003ADD60 /* Base */ = {isa = PBXFileReference; lastKnownFileType = file.storyboard; name = Base; path = Base.lproj/LaunchScreen.storyboard; sourceTree = "<group>"; };
		179E65321C577BB3003ADD60 /* Info.plist */ = {isa = PBXFileReference; lastKnownFileType = text.plist.xml; path = Info.plist; sourceTree = "<group>"; };
/* End PBXFileReference section */

/* Begin PBXFrameworksBuildPhase section */
		179E65201C577BB3003ADD60 /* Frameworks */ = {
			isa = PBXFrameworksBuildPhase;
			buildActionMask = 2147483647;
			files = (
			);
			runOnlyForDeploymentPostprocessing = 0;
		};
/* End PBXFrameworksBuildPhase section */

/* Begin PBXGroup section */
		179E651A1C577BB3003ADD60 = {
			isa = PBXGroup;
			children = (
				179E65251C577BB3003ADD60 /* xibPractice */,
				179E65241C577BB3003ADD60 /* Products */,
			);
			sourceTree = "<group>";
		};
		179E65241C577BB3003ADD60 /* Products */ = {
			isa = PBXGroup;
			children = (
				179E65231C577BB3003ADD60 /* xibPractice.app */,
			);
			name = Products;
			sourceTree = "<group>";
		};
		179E65251C577BB3003ADD60 /* xibPractice */ = {
			isa = PBXGroup;
			children = (
				179E65261C577BB3003ADD60 /* AppDelegate.swift */,
				179E65281C577BB3003ADD60 /* ViewController.swift */,
				179E652A1C577BB3003ADD60 /* Main.storyboard */,
				179E652D1C577BB3003ADD60 /* Assets.xcassets */,
				179E652F1C577BB3003ADD60 /* LaunchScreen.storyboard */,
				179E65321C577BB3003ADD60 /* Info.plist */,
			);
			path = xibPractice;
			sourceTree = "<group>";
		};
/* End PBXGroup section */

/* Begin PBXNativeTarget section */
		179E65221C577BB3003ADD60 /* xibPractice */ = {
			isa = PBXNativeTarget;
			buildConfigurationList = 179E65351C577BB3003ADD60 /* Build configuration list for PBXNativeTarget "xibPractice" */;
			buildPhases = (
				179E651F1C577BB3003ADD60 /* Sources */,
				179E65201C577BB3003ADD60 /* Frameworks */,
				179E65211C577BB3003ADD60 /* Resources */,
			);
			buildRules = (
			);
			dependencies = (
			);
			name = xibPractice;
			productName = xibPractice;
			productReference = 179E65231C577BB3003ADD60 /* xibPractice.app */;
			productType = "com.apple.product-type.application";
		};
/* End PBXNativeTarget section */

/* Begin PBXProject section */
		179E651B1C577BB3003ADD60 /* Project object */ = {
			isa = PBXProject;
			attributes = {
				LastSwiftUpdateCheck = 0720;
				LastUpgradeCheck = 0720;
				ORGANIZATIONNAME = voloaga;
				TargetAttributes = {
					179E65221C577BB3003ADD60 = {
						CreatedOnToolsVersion = 7.2;
						DevelopmentTeam = XVS727W7LV;
					};
				};
			};
			buildConfigurationList = 179E651E1C577BB3003ADD60 /* Build configuration list for PBXProject "xibPractice" */;
			compatibilityVersion = "Xcode 3.2";
			developmentRegion = English;
			hasScannedForEncodings = 0;
			knownRegions = (
				en,
				Base,
			);
			mainGroup = 179E651A1C577BB3003ADD60;
			productRefGroup = 179E65241C577BB3003ADD60 /* Products */;
			projectDirPath = "";
			projectRoot = "";
			targets = (
				179E65221C577BB3003ADD60 /* xibPractice */,
			);
		};
/* End PBXProject section */

/* Begin PBXResourcesBuildPhase section */
		179E65211C577BB3003ADD60 /* Resources */ = {
			isa = PBXResourcesBuildPhase;
			buildActionMask = 2147483647;
			files = (
				179E65311C577BB3003ADD60 /* LaunchScreen.storyboard in Resources */,
				179E652E1C577BB3003ADD60 /* Assets.xcassets in Resources */,
				179E652C1C577BB3003ADD60 /* Main.storyboard in Resources */,
			);
			runOnlyForDeploymentPostprocessing = 0;
		};
/* End PBXResourcesBuildPhase section */

/* Begin PBXSourcesBuildPhase section */
		179E651F1C577BB3003ADD60 /* Sources */ = {
			isa = PBXSourcesBuildPhase;
			buildActionMask = 2147483647;
			files = (
				179E65291C577BB3003ADD60 /* ViewController.swift in Sources */,
				179E65271C577BB3003ADD60 /* AppDelegate.swift in Sources */,
			);
			runOnlyForDeploymentPostprocessing = 0;
		};
/* End PBXSourcesBuildPhase section */

/* Begin PBXVariantGroup section */
		179E652A1C577BB3003ADD60 /* Main.storyboard */ = {
			isa = PBXVariantGroup;
			children = (
				179E652B1C577BB3003ADD60 /* Base */,
			);
			name = Main.storyboard;
			sourceTree = "<group>";
		};
		179E652F1C577BB3003ADD60 /* LaunchScreen.storyboard */ = {
			isa = PBXVariantGroup;
			children = (
				179E65301C577BB3003ADD60 /* Base */,
			);
			name = LaunchScreen.storyboard;
			sourceTree = "<group>";
		};
/* End PBXVariantGroup section */

/* Begin XCBuildConfiguration section */
		179E65331C577BB3003ADD60 /* Debug */ = {
			isa = XCBuildConfiguration;
			buildSettings = {
				ALWAYS_SEARCH_USER_PATHS = NO;
				CLANG_CXX_LANGUAGE_STANDARD = "gnu++0x";
				CLANG_CXX_LIBRARY = "libc++";
				CLANG_ENABLE_MODULES = YES;
				CLANG_ENABLE_OBJC_ARC = YES;
				CLANG_WARN_BOOL_CONVERSION = YES;
				CLANG_WARN_CONSTANT_CONVERSION = YES;
				CLANG_WARN_DIRECT_OBJC_ISA_USAGE = YES_ERROR;
				CLANG_WARN_EMPTY_BODY = YES;
				CLANG_WARN_ENUM_CONVERSION = YES;
				CLANG_WARN_INT_CONVERSION = YES;
				CLANG_WARN_OBJC_ROOT_CLASS = YES_ERROR;
				CLANG_WARN_UNREACHABLE_CODE = YES;
				CLANG_WARN__DUPLICATE_METHOD_MATCH = YES;
				"CODE_SIGN_IDENTITY[sdk=iphoneos*]" = "iPhone Developer";
				COPY_PHASE_STRIP = NO;
				DEBUG_INFORMATION_FORMAT = dwarf;
				ENABLE_STRICT_OBJC_MSGSEND = YES;
				ENABLE_TESTABILITY = YES;
				GCC_C_LANGUAGE_STANDARD = gnu99;
				GCC_DYNAMIC_NO_PIC = NO;
				GCC_NO_COMMON_BLOCKS = YES;
				GCC_OPTIMIZATION_LEVEL = 0;
				GCC_PREPROCESSOR_DEFINITIONS = (
					"DEBUG=1",
					"$(inherited)",
				);
				GCC_WARN_64_TO_32_BIT_CONVERSION = YES;
				GCC_WARN_ABOUT_RETURN_TYPE = YES_ERROR;
				GCC_WARN_UNDECLARED_SELECTOR = YES;
				GCC_WARN_UNINITIALIZED_AUTOS = YES_AGGRESSIVE;
				GCC_WARN_UNUSED_FUNCTION = YES;
				GCC_WARN_UNUSED_VARIABLE = YES;
				IPHONEOS_DEPLOYMENT_TARGET = 9.2;
				MTL_ENABLE_DEBUG_INFO = YES;
				ONLY_ACTIVE_ARCH = YES;
				SDKROOT = iphoneos;
				SWIFT_OPTIMIZATION_LEVEL = "-Onone";
				TARGETED_DEVICE_FAMILY = "1,2";
			};
			name = Debug;
		};
		179E65341C577BB3003ADD60 /* Release */ = {
			isa = XCBuildConfiguration;
			buildSettings = {
				ALWAYS_SEARCH_USER_PATHS = NO;
				CLANG_CXX_LANGUAGE_STANDARD = "gnu++0x";
				CLANG_CXX_LIBRARY = "libc++";
				CLANG_ENABLE_MODULES = YES;
				CLANG_ENABLE_OBJC_ARC = YES;
				CLANG_WARN_BOOL_CONVERSION = YES;
				CLANG_WARN_CONSTANT_CONVERSION = YES;
				CLANG_WARN_DIRECT_OBJC_ISA_USAGE = YES_ERROR;
				CLANG_WARN_EMPTY_BODY = YES;
				CLANG_WARN_ENUM_CONVERSION = YES;
				CLANG_WARN_INT_CONVERSION = YES;
				CLANG_WARN_OBJC_ROOT_CLASS = YES_ERROR;
				CLANG_WARN_UNREACHABLE_CODE = YES;
				CLANG_WARN__DUPLICATE_METHOD_MATCH = YES;
				"CODE_SIGN_IDENTITY[sdk=iphoneos*]" = "iPhone Developer";
				COPY_PHASE_STRIP = NO;
				DEBUG_INFORMATION_FORMAT = "dwarf-with-dsym";
				ENABLE_NS_ASSERTIONS = NO;
				ENABLE_STRICT_OBJC_MSGSEND = YES;
				GCC_C_LANGUAGE_STANDARD = gnu99;
				GCC_NO_COMMON_BLOCKS = YES;
				GCC_WARN_64_TO_32_BIT_CONVERSION = YES;
				GCC_WARN_ABOUT_RETURN_TYPE = YES_ERROR;
				GCC_WARN_UNDECLARED_SELECTOR = YES;
				GCC_WARN_UNINITIALIZED_AUTOS = YES_AGGRESSIVE;
				GCC_WARN_UNUSED_FUNCTION = YES;
				GCC_WARN_UNUSED_VARIABLE = YES;
				IPHONEOS_DEPLOYMENT_TARGET = 9.2;
				MTL_ENABLE_DEBUG_INFO = NO;
				SDKROOT = iphoneos;
				TARGETED_DEVICE_FAMILY = "1,2";
				VALIDATE_PRODUCT = YES;
			};
			name = Release;
		};
		179E65361C577BB3003ADD60 /* Debug */ = {
			isa = XCBuildConfiguration;
			buildSettings = {
				ASSETCATALOG_COMPILER_APPICON_NAME = AppIcon;
				INFOPLIST_FILE = xibPractice/Info.plist;
				LD_RUNPATH_SEARCH_PATHS = "$(inherited) @executable_path/Frameworks";
				PRODUCT_BUNDLE_IDENTIFIER = com.voloaga.xibPractice;
				PRODUCT_NAME = "$(TARGET_NAME)";
			};
			name = Debug;
		};
		179E65371C577BB3003ADD60 /* Release */ = {
			isa = XCBuildConfiguration;
			buildSettings = {
				ASSETCATALOG_COMPILER_APPICON_NAME = AppIcon;
				INFOPLIST_FILE = xibPractice/Info.plist;
				LD_RUNPATH_SEARCH_PATHS = "$(inherited) @executable_path/Frameworks";
				PRODUCT_BUNDLE_IDENTIFIER = com.voloaga.xibPractice;
				PRODUCT_NAME = "$(TARGET_NAME)";
			};
			name = Release;
		};
/* End XCBuildConfiguration section */

/* Begin XCConfigurationList section */
		179E651E1C577BB3003ADD60 /* Build configuration list for PBXProject "xibPractice" */ = {
			isa = XCConfigurationList;
			buildConfigurations = (
				179E65331C577BB3003ADD60 /* Debug */,
				179E65341C577BB3003ADD60 /* Release */,
			);
			defaultConfigurationIsVisible = 0;
			defaultConfigurationName = Release;
		};
		179E65351C577BB3003ADD60 /* Build configuration list for PBXNativeTarget "xibPractice" */ = {
			isa = XCConfigurationList;
			buildConfigurations = (
				179E65361C577BB3003ADD60 /* Debug */,
				179E65371C577BB3003ADD60 /* Release */,
			);
			defaultConfigurationIsVisible = 0;
		};
/* End XCConfigurationList section */
	};
	rootObject = 179E651B1C577BB3003ADD60 /* Project object */;
}
